// !$*UTF8*$!
{
	archiveVersion = 1;
	classes = {
	};
	objectVersion = 50;
	objects = {

/* Begin PBXBuildFile section */
		F5C080B023FB485D003725AB /* AppDelegate.swift in Sources */ = {isa = PBXBuildFile; fileRef = F5C080AF23FB485D003725AB /* AppDelegate.swift */; };
		F5C080B223FB485D003725AB /* SceneDelegate.swift in Sources */ = {isa = PBXBuildFile; fileRef = F5C080B123FB485D003725AB /* SceneDelegate.swift */; };
		F5C080B423FB485D003725AB /* ContentView.swift in Sources */ = {isa = PBXBuildFile; fileRef = F5C080B323FB485D003725AB /* ContentView.swift */; };
		F5C080B623FB4861003725AB /* Assets.xcassets in Resources */ = {isa = PBXBuildFile; fileRef = F5C080B523FB4861003725AB /* Assets.xcassets */; };
		F5C080B923FB4861003725AB /* Preview Assets.xcassets in Resources */ = {isa = PBXBuildFile; fileRef = F5C080B823FB4861003725AB /* Preview Assets.xcassets */; };
		F5C080BC23FB4861003725AB /* LaunchScreen.storyboard in Resources */ = {isa = PBXBuildFile; fileRef = F5C080BA23FB4861003725AB /* LaunchScreen.storyboard */; };
		F5C080C423FB48F9003725AB /* ViewModel.swift in Sources */ = {isa = PBXBuildFile; fileRef = F5C080C323FB48F9003725AB /* ViewModel.swift */; };
		F5C080C623FB494C003725AB /* StructUIViewRepresentable.swift in Sources */ = {isa = PBXBuildFile; fileRef = F5C080C523FB494C003725AB /* StructUIViewRepresentable.swift */; };
		F5C080C823FB49EA003725AB /* FinalClassUIViewRepresentable.swift in Sources */ = {isa = PBXBuildFile; fileRef = F5C080C723FB49EA003725AB /* FinalClassUIViewRepresentable.swift */; };
/* End PBXBuildFile section */

/* Begin PBXFileReference section */
		F5C080AC23FB485D003725AB /* UIViewRepresentableBug.app */ = {isa = PBXFileReference; explicitFileType = wrapper.application; includeInIndex = 0; path = UIViewRepresentableBug.app; sourceTree = BUILT_PRODUCTS_DIR; };
		F5C080AF23FB485D003725AB /* AppDelegate.swift */ = {isa = PBXFileReference; lastKnownFileType = sourcecode.swift; path = AppDelegate.swift; sourceTree = "<group>"; };
		F5C080B123FB485D003725AB /* SceneDelegate.swift */ = {isa = PBXFileReference; lastKnownFileType = sourcecode.swift; path = SceneDelegate.swift; sourceTree = "<group>"; };
		F5C080B323FB485D003725AB /* ContentView.swift */ = {isa = PBXFileReference; lastKnownFileType = sourcecode.swift; path = ContentView.swift; sourceTree = "<group>"; };
		F5C080B523FB4861003725AB /* Assets.xcassets */ = {isa = PBXFileReference; lastKnownFileType = folder.assetcatalog; path = Assets.xcassets; sourceTree = "<group>"; };
		F5C080B823FB4861003725AB /* Preview Assets.xcassets */ = {isa = PBXFileReference; lastKnownFileType = folder.assetcatalog; path = "Preview Assets.xcassets"; sourceTree = "<group>"; };
		F5C080BB23FB4861003725AB /* Base */ = {isa = PBXFileReference; lastKnownFileType = file.storyboard; name = Base; path = Base.lproj/LaunchScreen.storyboard; sourceTree = "<group>"; };
		F5C080BD23FB4861003725AB /* Info.plist */ = {isa = PBXFileReference; lastKnownFileType = text.plist.xml; path = Info.plist; sourceTree = "<group>"; };
		F5C080C323FB48F9003725AB /* ViewModel.swift */ = {isa = PBXFileReference; lastKnownFileType = sourcecode.swift; path = ViewModel.swift; sourceTree = "<group>"; };
		F5C080C523FB494C003725AB /* StructUIViewRepresentable.swift */ = {isa = PBXFileReference; lastKnownFileType = sourcecode.swift; path = StructUIViewRepresentable.swift; sourceTree = "<group>"; };
		F5C080C723FB49EA003725AB /* FinalClassUIViewRepresentable.swift */ = {isa = PBXFileReference; lastKnownFileType = sourcecode.swift; path = FinalClassUIViewRepresentable.swift; sourceTree = "<group>"; };
		F5C080C923FB516F003725AB /* README.md */ = {isa = PBXFileReference; lastKnownFileType = net.daringfireball.markdown; path = README.md; sourceTree = "<group>"; };
/* End PBXFileReference section */

/* Begin PBXFrameworksBuildPhase section */
		F5C080A923FB485D003725AB /* Frameworks */ = {
			isa = PBXFrameworksBuildPhase;
			buildActionMask = 2147483647;
			files = (
			);
			runOnlyForDeploymentPostprocessing = 0;
		};
/* End PBXFrameworksBuildPhase section */

/* Begin PBXGroup section */
		F5C080A323FB485D003725AB = {
			isa = PBXGroup;
			children = (
				F5C080C923FB516F003725AB /* README.md */,
				F5C080AE23FB485D003725AB /* UIViewRepresentableBug */,
				F5C080AD23FB485D003725AB /* Products */,
			);
			sourceTree = "<group>";
		};
		F5C080AD23FB485D003725AB /* Products */ = {
			isa = PBXGroup;
			children = (
				F5C080AC23FB485D003725AB /* UIViewRepresentableBug.app */,
			);
			name = Products;
			sourceTree = "<group>";
		};
		F5C080AE23FB485D003725AB /* UIViewRepresentableBug */ = {
			isa = PBXGroup;
			children = (
				F5C080AF23FB485D003725AB /* AppDelegate.swift */,
				F5C080B123FB485D003725AB /* SceneDelegate.swift */,
				F5C080B323FB485D003725AB /* ContentView.swift */,
				F5C080C523FB494C003725AB /* StructUIViewRepresentable.swift */,
				F5C080C723FB49EA003725AB /* FinalClassUIViewRepresentable.swift */,
				F5C080C323FB48F9003725AB /* ViewModel.swift */,
				F5C080B523FB4861003725AB /* Assets.xcassets */,
				F5C080BA23FB4861003725AB /* LaunchScreen.storyboard */,
				F5C080BD23FB4861003725AB /* Info.plist */,
				F5C080B723FB4861003725AB /* Preview Content */,
			);
			path = UIViewRepresentableBug;
			sourceTree = "<group>";
		};
		F5C080B723FB4861003725AB /* Preview Content */ = {
			isa = PBXGroup;
			children = (
				F5C080B823FB4861003725AB /* Preview Assets.xcassets */,
			);
			path = "Preview Content";
			sourceTree = "<group>";
		};
/* End PBXGroup section */

/* Begin PBXNativeTarget section */
		F5C080AB23FB485D003725AB /* UIViewRepresentableBug */ = {
			isa = PBXNativeTarget;
			buildConfigurationList = F5C080C023FB4861003725AB /* Build configuration list for PBXNativeTarget "UIViewRepresentableBug" */;
			buildPhases = (
				F5C080A823FB485D003725AB /* Sources */,
				F5C080A923FB485D003725AB /* Frameworks */,
				F5C080AA23FB485D003725AB /* Resources */,
			);
			buildRules = (
			);
			dependencies = (
			);
			name = UIViewRepresentableBug;
			productName = UIViewRepresentableBug;
			productReference = F5C080AC23FB485D003725AB /* UIViewRepresentableBug.app */;
			productType = "com.apple.product-type.application";
		};
/* End PBXNativeTarget section */

/* Begin PBXProject section */
		F5C080A423FB485D003725AB /* Project object */ = {
			isa = PBXProject;
			attributes = {
				LastSwiftUpdateCheck = 1130;
				LastUpgradeCheck = 1130;
				ORGANIZATIONNAME = MediWeb;
				TargetAttributes = {
					F5C080AB23FB485D003725AB = {
						CreatedOnToolsVersion = 11.3.1;
					};
				};
			};
			buildConfigurationList = F5C080A723FB485D003725AB /* Build configuration list for PBXProject "UIViewRepresentableBug" */;
			compatibilityVersion = "Xcode 9.3";
			developmentRegion = en;
			hasScannedForEncodings = 0;
			knownRegions = (
				en,
				Base,
			);
			mainGroup = F5C080A323FB485D003725AB;
			productRefGroup = F5C080AD23FB485D003725AB /* Products */;
			projectDirPath = "";
			projectRoot = "";
			targets = (
				F5C080AB23FB485D003725AB /* UIViewRepresentableBug */,
			);
		};
/* End PBXProject section */

/* Begin PBXResourcesBuildPhase section */
		F5C080AA23FB485D003725AB /* Resources */ = {
			isa = PBXResourcesBuildPhase;
			buildActionMask = 2147483647;
			files = (
				F5C080BC23FB4861003725AB /* LaunchScreen.storyboard in Resources */,
				F5C080B923FB4861003725AB /* Preview Assets.xcassets in Resources */,
				F5C080B623FB4861003725AB /* Assets.xcassets in Resources */,
			);
			runOnlyForDeploymentPostprocessing = 0;
		};
/* End PBXResourcesBuildPhase section */

/* Begin PBXSourcesBuildPhase section */
		F5C080A823FB485D003725AB /* Sources */ = {
			isa = PBXSourcesBuildPhase;
			buildActionMask = 2147483647;
			files = (
				F5C080B023FB485D003725AB /* AppDelegate.swift in Sources */,
				F5C080B223FB485D003725AB /* SceneDelegate.swift in Sources */,
				F5C080C623FB494C003725AB /* StructUIViewRepresentable.swift in Sources */,
				F5C080C423FB48F9003725AB /* ViewModel.swift in Sources */,
				F5C080B423FB485D003725AB /* ContentView.swift in Sources */,
				F5C080C823FB49EA003725AB /* FinalClassUIViewRepresentable.swift in Sources */,
			);
			runOnlyForDeploymentPostprocessing = 0;
		};
/* End PBXSourcesBuildPhase section */

/* Begin PBXVariantGroup section */
		F5C080BA23FB4861003725AB /* LaunchScreen.storyboard */ = {
			isa = PBXVariantGroup;
			children = (
				F5C080BB23FB4861003725AB /* Base */,
			);
			name = LaunchScreen.storyboard;
			sourceTree = "<group>";
		};
/* End PBXVariantGroup section */

/* Begin XCBuildConfiguration section */
		F5C080BE23FB4861003725AB /* Debug */ = {
			isa = XCBuildConfiguration;
			buildSettings = {
				ALWAYS_SEARCH_USER_PATHS = NO;
				CLANG_ANALYZER_NONNULL = YES;
				CLANG_ANALYZER_NUMBER_OBJECT_CONVERSION = YES_AGGRESSIVE;
				CLANG_CXX_LANGUAGE_STANDARD = "gnu++14";
				CLANG_CXX_LIBRARY = "libc++";
				CLANG_ENABLE_MODULES = YES;
				CLANG_ENABLE_OBJC_ARC = YES;
				CLANG_ENABLE_OBJC_WEAK = YES;
				CLANG_WARN_BLOCK_CAPTURE_AUTORELEASING = YES;
				CLANG_WARN_BOOL_CONVERSION = YES;
				CLANG_WARN_COMMA = YES;
				CLANG_WARN_CONSTANT_CONVERSION = YES;
				CLANG_WARN_DEPRECATED_OBJC_IMPLEMENTATIONS = YES;
				CLANG_WARN_DIRECT_OBJC_ISA_USAGE = YES_ERROR;
				CLANG_WARN_DOCUMENTATION_COMMENTS = YES;
				CLANG_WARN_EMPTY_BODY = YES;
				CLANG_WARN_ENUM_CONVERSION = YES;
				CLANG_WARN_INFINITE_RECURSION = YES;
				CLANG_WARN_INT_CONVERSION = YES;
				CLANG_WARN_NON_LITERAL_NULL_CONVERSION = YES;
				CLANG_WARN_OBJC_IMPLICIT_RETAIN_SELF = YES;
				CLANG_WARN_OBJC_LITERAL_CONVERSION = YES;
				CLANG_WARN_OBJC_ROOT_CLASS = YES_ERROR;
				CLANG_WARN_RANGE_LOOP_ANALYSIS = YES;
				CLANG_WARN_STRICT_PROTOTYPES = YES;
				CLANG_WARN_SUSPICIOUS_MOVE = YES;
				CLANG_WARN_UNGUARDED_AVAILABILITY = YES_AGGRESSIVE;
				CLANG_WARN_UNREACHABLE_CODE = YES;
				CLANG_WARN__DUPLICATE_METHOD_MATCH = YES;
				COPY_PHASE_STRIP = NO;
				DEBUG_INFORMATION_FORMAT = dwarf;
				ENABLE_STRICT_OBJC_MSGSEND = YES;
				ENABLE_TESTABILITY = YES;
				GCC_C_LANGUAGE_STANDARD = gnu11;
				GCC_DYNAMIC_NO_PIC = NO;
				GCC_NO_COMMON_BLOCKS = YES;
				GCC_OPTIMIZATION_LEVEL = 0;
				GCC_PREPROCESSOR_DEFINITIONS = (
					"DEBUG=1",
					"$(inherited)",
				);
				GCC_WARN_64_TO_32_BIT_CONVERSION = YES;
				GCC_WARN_ABOUT_RETURN_TYPE = YES_ERROR;
				GCC_WARN_UNDECLARED_SELECTOR = YES;
				GCC_WARN_UNINITIALIZED_AUTOS = YES_AGGRESSIVE;
				GCC_WARN_UNUSED_FUNCTION = YES;
				GCC_WARN_UNUSED_VARIABLE = YES;
				IPHONEOS_DEPLOYMENT_TARGET = 13.2;
				MTL_ENABLE_DEBUG_INFO = INCLUDE_SOURCE;
				MTL_FAST_MATH = YES;
				ONLY_ACTIVE_ARCH = YES;
				SDKROOT = iphoneos;
				SWIFT_ACTIVE_COMPILATION_CONDITIONS = DEBUG;
				SWIFT_OPTIMIZATION_LEVEL = "-Onone";
			};
			name = Debug;
		};
		F5C080BF23FB4861003725AB /* Release */ = {
			isa = XCBuildConfiguration;
			buildSettings = {
				ALWAYS_SEARCH_USER_PATHS = NO;
				CLANG_ANALYZER_NONNULL = YES;
				CLANG_ANALYZER_NUMBER_OBJECT_CONVERSION = YES_AGGRESSIVE;
				CLANG_CXX_LANGUAGE_STANDARD = "gnu++14";
				CLANG_CXX_LIBRARY = "libc++";
				CLANG_ENABLE_MODULES = YES;
				CLANG_ENABLE_OBJC_ARC = YES;
				CLANG_ENABLE_OBJC_WEAK = YES;
				CLANG_WARN_BLOCK_CAPTURE_AUTORELEASING = YES;
				CLANG_WARN_BOOL_CONVERSION = YES;
				CLANG_WARN_COMMA = YES;
				CLANG_WARN_CONSTANT_CONVERSION = YES;
				CLANG_WARN_DEPRECATED_OBJC_IMPLEMENTATIONS = YES;
				CLANG_WARN_DIRECT_OBJC_ISA_USAGE = YES_ERROR;
				CLANG_WARN_DOCUMENTATION_COMMENTS = YES;
				CLANG_WARN_EMPTY_BODY = YES;
				CLANG_WARN_ENUM_CONVERSION = YES;
				CLANG_WARN_INFINITE_RECURSION = YES;
				CLANG_WARN_INT_CONVERSION = YES;
				CLANG_WARN_NON_LITERAL_NULL_CONVERSION = YES;
				CLANG_WARN_OBJC_IMPLICIT_RETAIN_SELF = YES;
				CLANG_WARN_OBJC_LITERAL_CONVERSION = YES;
				CLANG_WARN_OBJC_ROOT_CLASS = YES_ERROR;
				CLANG_WARN_RANGE_LOOP_ANALYSIS = YES;
				CLANG_WARN_STRICT_PROTOTYPES = YES;
				CLANG_WARN_SUSPICIOUS_MOVE = YES;
				CLANG_WARN_UNGUARDED_AVAILABILITY = YES_AGGRESSIVE;
				CLANG_WARN_UNREACHABLE_CODE = YES;
				CLANG_WARN__DUPLICATE_METHOD_MATCH = YES;
				COPY_PHASE_STRIP = NO;
				DEBUG_INFORMATION_FORMAT = "dwarf-with-dsym";
				ENABLE_NS_ASSERTIONS = NO;
				ENABLE_STRICT_OBJC_MSGSEND = YES;
				GCC_C_LANGUAGE_STANDARD = gnu11;
				GCC_NO_COMMON_BLOCKS = YES;
				GCC_WARN_64_TO_32_BIT_CONVERSION = YES;
				GCC_WARN_ABOUT_RETURN_TYPE = YES_ERROR;
				GCC_WARN_UNDECLARED_SELECTOR = YES;
				GCC_WARN_UNINITIALIZED_AUTOS = YES_AGGRESSIVE;
				GCC_WARN_UNUSED_FUNCTION = YES;
				GCC_WARN_UNUSED_VARIABLE = YES;
				IPHONEOS_DEPLOYMENT_TARGET = 13.2;
				MTL_ENABLE_DEBUG_INFO = NO;
				MTL_FAST_MATH = YES;
				SDKROOT = iphoneos;
				SWIFT_COMPILATION_MODE = wholemodule;
				SWIFT_OPTIMIZATION_LEVEL = "-O";
				VALIDATE_PRODUCT = YES;
			};
			name = Release;
		};
		F5C080C123FB4861003725AB /* Debug */ = {
			isa = XCBuildConfiguration;
			buildSettings = {
				ASSETCATALOG_COMPILER_APPICON_NAME = AppIcon;
				CODE_SIGN_STYLE = Automatic;
				DEVELOPMENT_ASSET_PATHS = "\"UIViewRepresentableBug/Preview Content\"";
				DEVELOPMENT_TEAM = 87X93GPQ56;
				ENABLE_PREVIEWS = YES;
				INFOPLIST_FILE = UIViewRepresentableBug/Info.plist;
				LD_RUNPATH_SEARCH_PATHS = (
					"$(inherited)",
					"@executable_path/Frameworks",
				);
				PRODUCT_BUNDLE_IDENTIFIER = jp.mediweb.UIViewRepresentableBug;
				PRODUCT_NAME = "$(TARGET_NAME)";
				SWIFT_VERSION = 5.0;
				TARGETED_DEVICE_FAMILY = "1,2";
			};
			name = Debug;
		};
		F5C080C223FB4861003725AB /* Release */ = {
			isa = XCBuildConfiguration;
			buildSettings = {
				ASSETCATALOG_COMPILER_APPICON_NAME = AppIcon;
				CODE_SIGN_STYLE = Automatic;
				DEVELOPMENT_ASSET_PATHS = "\"UIViewRepresentableBug/Preview Content\"";
				DEVELOPMENT_TEAM = 87X93GPQ56;
				ENABLE_PREVIEWS = YES;
				INFOPLIST_FILE = UIViewRepresentableBug/Info.plist;
				LD_RUNPATH_SEARCH_PATHS = (
					"$(inherited)",
					"@executable_path/Frameworks",
				);
				PRODUCT_BUNDLE_IDENTIFIER = jp.mediweb.UIViewRepresentableBug;
				PRODUCT_NAME = "$(TARGET_NAME)";
				SWIFT_VERSION = 5.0;
				TARGETED_DEVICE_FAMILY = "1,2";
			};
			name = Release;
		};
/* End XCBuildConfiguration section */

/* Begin XCConfigurationList section */
		F5C080A723FB485D003725AB /* Build configuration list for PBXProject "UIViewRepresentableBug" */ = {
			isa = XCConfigurationList;
			buildConfigurations = (
				F5C080BE23FB4861003725AB /* Debug */,
				F5C080BF23FB4861003725AB /* Release */,
			);
			defaultConfigurationIsVisible = 0;
			defaultConfigurationName = Release;
		};
		F5C080C023FB4861003725AB /* Build configuration list for PBXNativeTarget "UIViewRepresentableBug" */ = {
			isa = XCConfigurationList;
			buildConfigurations = (
				F5C080C123FB4861003725AB /* Debug */,
				F5C080C223FB4861003725AB /* Release */,
			);
			defaultConfigurationIsVisible = 0;
			defaultConfigurationName = Release;
		};
/* End XCConfigurationList section */
	};
	rootObject = F5C080A423FB485D003725AB /* Project object */;
}
